Microsoft Visual Studio Solution File, Format Version 12.00
# Visual Studio Version 18
VisualStudioVersion = 18.0.11222.15 d18.0
MinimumVisualStudioVersion = 10.0.40219.1
Project("{FAE04EC0-301F-11D3-BF4B-00C04F79EFBC}") = "DtfEditor", "DtfEditor.csproj", "{97D8F437-941D-1A32-082C-FD6F8CA86BE7}"
EndProject
Global
	GlobalSection(SolutionConfigurationPlatforms) = preSolution
		Debug|Any CPU = Debug|Any CPU
		Release|Any CPU = Release|Any CPU
	EndGlobalSection
	GlobalSection(ProjectConfigurationPlatforms) = postSolution
		{97D8F437-941D-1A32-082C-FD6F8CA86BE7}.Debug|Any CPU.ActiveCfg = Debug|Any CPU
		{97D8F437-941D-1A32-082C-FD6F8CA86BE7}.Debug|Any CPU.Build.0 = Debug|Any CPU
		{97D8F437-941D-1A32-082C-FD6F8CA86BE7}.Release|Any CPU.ActiveCfg = Release|Any CPU
		{97D8F437-941D-1A32-082C-FD6F8CA86BE7}.Release|Any CPU.Build.0 = Release|Any CPU
	EndGlobalSection
	GlobalSection(SolutionProperties) = preSolution
		HideSolutionNode = FALSE
	EndGlobalSection
	GlobalSection(ExtensibilityGlobals) = postSolution
		SolutionGuid = {A1C5E7C3-2C1B-4A5F-9C61-38A90B7BD6B1}
	EndGlobalSection
EndGlobal
